{
  "nodes": {
    "home-manager": {
      "inputs": {
        "nixpkgs": [
          "nixpkgs"
        ]
      },
      "locked": {
        "lastModified": 1788355065,
        "narHash": "sha256-gAz5oTI7ur34CfuakQduiQd/2ZhO62Bn2XXg08nZYYQ=",
        "owner": "nix-community",
        "repo": "home-manager",
        "rev": "d9d750e4fc11c10cab2da677bdd31e427f3a3a71",
        "type": "github"
      },
      "original": {
        "owner": "nix-community",
        "repo": "home-manager",
        "type": "github"
      }
    },
    "neovim": {
      "inputs": {
        "nixpkgs": [
          "nixpkgs"
        ]
      },
      "locked": {
        "lastModified": 1788379089,
        "narHash": "sha256-p7A7kGfmnjM5iWQB9eBLHA9AB9akBVKjQU073umj0BY=",
        "owner": "alexmickelson",
        "repo": "neovim",
        "rev": "77bc50b73e7ae95f3b3c450c9858a39c4b9a2aa5",
        "type": "github"
      },
      "original": {
        "owner": "alexmickelson",
        "repo": "neovim",
        "type": "github"
      }
    },
    "nixpkgs": {
      "locked": {
        "lastModified": 1788179007,
        "narHash": "sha256-hn1oU2rue2SYK8dAr8+WNZWtbsz1S2W5mnHlSEuh3bo=",
        "owner": "NixOS",
        "repo": "nixpkgs",
        "rev": "34ab99075ac4f7e40cf037eef32cb1c360bb85e9",
        "type": "github"
      },
      "original": {
        "owner": "NixOS",
        "ref": "nixos-unstable",
        "repo": "nixpkgs",
        "type": "github"
      }
    },
    "root": {
      "inputs": {
        "home-manager": "home-manager",
        "neovim": "neovim",
        "nixpkgs": "nixpkgs"
      }
    }
  },
  "root": "root",
  "version": 7
}
